
Microsoft Visual Studio Solution File, Format Version 12.00
# Visual Studio Version 17
VisualStudioVersion = 17.3.32811.315
MinimumVisualStudioVersion = 10.0.40219.1
Project("{2150E333-8FDC-42A3-9474-1A3956D46DE8}") = "src", "src", "{6FF494A1-C92C-48DA-99CD-C27D750EE0EF}"
EndProject
Project("{9A19103F-16F7-4668-BE54-9A1E7A4F7556}") = "QuizApp.WebAPI", "QuizApp.WebAPI\QuizApp.WebAPI.csproj", "{9AA56758-BC5B-42E4-86A6-03EF6D6F95FC}"
EndProject
Project("{9A19103F-16F7-4668-BE54-9A1E7A4F7556}") = "QuizApp.Domain", "QuizApp.Domain\QuizApp.Domain.csproj", "{4CD00D46-B08B-4161-819B-F663AEB1F1F1}"
EndProject
Project("{9A19103F-16F7-4668-BE54-9A1E7A4F7556}") = "QuizApp.Application", "QuizApp.Application\QuizApp.Application.csproj", "{BD2A2457-4E17-4186-85F7-A8B10E2F503B}"
EndProject
Project("{9A19103F-16F7-4668-BE54-9A1E7A4F7556}") = "QuizApp.Infrastructure", "QuizApp.Infrastructure\QuizApp.Infrastructure.csproj", "{4911C10C-64F9-498E-829A-20E0E7A511D6}"
EndProject
Project("{9A19103F-16F7-4668-BE54-9A1E7A4F7556}") = "QuizApp.Persistence", "QuizApp.Persistence\QuizApp.Persistence.csproj", "{478EAA52-0074-4C07-98B6-6512F091D3CA}"
EndProject
Global
	GlobalSection(SolutionConfigurationPlatforms) = preSolution
		Debug|Any CPU = Debug|Any CPU
		Release|Any CPU = Release|Any CPU
	EndGlobalSection
	GlobalSection(ProjectConfigurationPlatforms) = postSolution
		{9AA56758-BC5B-42E4-86A6-03EF6D6F95FC}.Debug|Any CPU.ActiveCfg = Debug|Any CPU
		{9AA56758-BC5B-42E4-86A6-03EF6D6F95FC}.Debug|Any CPU.Build.0 = Debug|Any CPU
		{9AA56758-BC5B-42E4-86A6-03EF6D6F95FC}.Release|Any CPU.ActiveCfg = Release|Any CPU
		{9AA56758-BC5B-42E4-86A6-03EF6D6F95FC}.Release|Any CPU.Build.0 = Release|Any CPU
		{4CD00D46-B08B-4161-819B-F663AEB1F1F1}.Debug|Any CPU.ActiveCfg = Debug|Any CPU
		{4CD00D46-B08B-4161-819B-F663AEB1F1F1}.Debug|Any CPU.Build.0 = Debug|Any CPU
		{4CD00D46-B08B-4161-819B-F663AEB1F1F1}.Release|Any CPU.ActiveCfg = Release|Any CPU
		{4CD00D46-B08B-4161-819B-F663AEB1F1F1}.Release|Any CPU.Build.0 = Release|Any CPU
		{BD2A2457-4E17-4186-85F7-A8B10E2F503B}.Debug|Any CPU.ActiveCfg = Debug|Any CPU
		{BD2A2457-4E17-4186-85F7-A8B10E2F503B}.Debug|Any CPU.Build.0 = Debug|Any CPU
		{BD2A2457-4E17-4186-85F7-A8B10E2F503B}.Release|Any CPU.ActiveCfg = Release|Any CPU
		{BD2A2457-4E17-4186-85F7-A8B10E2F503B}.Release|Any CPU.Build.0 = Release|Any CPU
		{4911C10C-64F9-498E-829A-20E0E7A511D6}.Debug|Any CPU.ActiveCfg = Debug|Any CPU
		{4911C10C-64F9-498E-829A-20E0E7A511D6}.Debug|Any CPU.Build.0 = Debug|Any CPU
		{4911C10C-64F9-498E-829A-20E0E7A511D6}.Release|Any CPU.ActiveCfg = Release|Any CPU
		{4911C10C-64F9-498E-829A-20E0E7A511D6}.Release|Any CPU.Build.0 = Release|Any CPU
		{478EAA52-0074-4C07-98B6-6512F091D3CA}.Debug|Any CPU.ActiveCfg = Debug|Any CPU
		{478EAA52-0074-4C07-98B6-6512F091D3CA}.Debug|Any CPU.Build.0 = Debug|Any CPU
		{478EAA52-0074-4C07-98B6-6512F091D3CA}.Release|Any CPU.ActiveCfg = Release|Any CPU
		{478EAA52-0074-4C07-98B6-6512F091D3CA}.Release|Any CPU.Build.0 = Release|Any CPU
	EndGlobalSection
	GlobalSection(SolutionProperties) = preSolution
		HideSolutionNode = FALSE
	EndGlobalSection
	GlobalSection(NestedProjects) = preSolution
		{9AA56758-BC5B-42E4-86A6-03EF6D6F95FC} = {6FF494A1-C92C-48DA-99CD-C27D750EE0EF}
		{4CD00D46-B08B-4161-819B-F663AEB1F1F1} = {6FF494A1-C92C-48DA-99CD-C27D750EE0EF}
		{BD2A2457-4E17-4186-85F7-A8B10E2F503B} = {6FF494A1-C92C-48DA-99CD-C27D750EE0EF}
		{4911C10C-64F9-498E-829A-20E0E7A511D6} = {6FF494A1-C92C-48DA-99CD-C27D750EE0EF}
		{478EAA52-0074-4C07-98B6-6512F091D3CA} = {6FF494A1-C92C-48DA-99CD-C27D750EE0EF}
	EndGlobalSection
	GlobalSection(ExtensibilityGlobals) = postSolution
		SolutionGuid = {10DDB5A4-7E16-4979-8A25-A0E1C1A72C12}
	EndGlobalSection
EndGlobal
